// !$*UTF8*$!
{
	archiveVersion = 1;
	classes = {
	};
	objectVersion = 46;
	objects = {

/* Begin PBXBuildFile section */
		A599AB041CC4AA59009AF37C /* DataSource.swift in Sources */ = {isa = PBXBuildFile; fileRef = A599AB031CC4AA59009AF37C /* DataSource.swift */; };
		A599AB061CC4AA69009AF37C /* QueryRecord.swift in Sources */ = {isa = PBXBuildFile; fileRef = A599AB051CC4AA69009AF37C /* QueryRecord.swift */; };
		A5D0A4931CCA81C00002F864 /* QueryURLConvertible.swift in Sources */ = {isa = PBXBuildFile; fileRef = A5D0A4921CCA81C00002F864 /* QueryURLConvertible.swift */; };
		A5D51D211CC3E02900E78817 /* AppDelegate.swift in Sources */ = {isa = PBXBuildFile; fileRef = A5D51D201CC3E02900E78817 /* AppDelegate.swift */; };
		A5D51D231CC3E02900E78817 /* ViewController.swift in Sources */ = {isa = PBXBuildFile; fileRef = A5D51D221CC3E02900E78817 /* ViewController.swift */; };
		A5D51D261CC3E02900E78817 /* Main.storyboard in Resources */ = {isa = PBXBuildFile; fileRef = A5D51D241CC3E02900E78817 /* Main.storyboard */; };
		A5D51D281CC3E02900E78817 /* Assets.xcassets in Resources */ = {isa = PBXBuildFile; fileRef = A5D51D271CC3E02900E78817 /* Assets.xcassets */; };
		A5D51D2B1CC3E02900E78817 /* LaunchScreen.storyboard in Resources */ = {isa = PBXBuildFile; fileRef = A5D51D291CC3E02900E78817 /* LaunchScreen.storyboard */; };
/* End PBXBuildFile section */

/* Begin PBXFileReference section */
		A599AB031CC4AA59009AF37C /* DataSource.swift */ = {isa = PBXFileReference; fileEncoding = 4; lastKnownFileType = sourcecode.swift; path = DataSource.swift; sourceTree = "<group>"; };
		A599AB051CC4AA69009AF37C /* QueryRecord.swift */ = {isa = PBXFileReference; fileEncoding = 4; lastKnownFileType = sourcecode.swift; path = QueryRecord.swift; sourceTree = "<group>"; };
		A5D0A4921CCA81C00002F864 /* QueryURLConvertible.swift */ = {isa = PBXFileReference; fileEncoding = 4; lastKnownFileType = sourcecode.swift; path = QueryURLConvertible.swift; sourceTree = "<group>"; };
		A5D51D1D1CC3E02900E78817 /* DictSwift.app */ = {isa = PBXFileReference; explicitFileType = wrapper.application; includeInIndex = 0; path = DictSwift.app; sourceTree = BUILT_PRODUCTS_DIR; };
		A5D51D201CC3E02900E78817 /* AppDelegate.swift */ = {isa = PBXFileReference; lastKnownFileType = sourcecode.swift; path = AppDelegate.swift; sourceTree = "<group>"; };
		A5D51D221CC3E02900E78817 /* ViewController.swift */ = {isa = PBXFileReference; lastKnownFileType = sourcecode.swift; path = ViewController.swift; sourceTree = "<group>"; };
		A5D51D251CC3E02900E78817 /* Base */ = {isa = PBXFileReference; lastKnownFileType = file.storyboard; name = Base; path = Base.lproj/Main.storyboard; sourceTree = "<group>"; };
		A5D51D271CC3E02900E78817 /* Assets.xcassets */ = {isa = PBXFileReference; lastKnownFileType = folder.assetcatalog; path = Assets.xcassets; sourceTree = "<group>"; };
		A5D51D2A1CC3E02900E78817 /* Base */ = {isa = PBXFileReference; lastKnownFileType = file.storyboard; name = Base; path = Base.lproj/LaunchScreen.storyboard; sourceTree = "<group>"; };
		A5D51D2C1CC3E02900E78817 /* Info.plist */ = {isa = PBXFileReference; lastKnownFileType = text.plist.xml; path = Info.plist; sourceTree = "<group>"; };
/* End PBXFileReference section */

/* Begin PBXFrameworksBuildPhase section */
		A5D51D1A1CC3E02900E78817 /* Frameworks */ = {
			isa = PBXFrameworksBuildPhase;
			buildActionMask = 2147483647;
			files = (
			);
			runOnlyForDeploymentPostprocessing = 0;
		};
/* End PBXFrameworksBuildPhase section */

/* Begin PBXGroup section */
		A5D51D141CC3E02900E78817 = {
			isa = PBXGroup;
			children = (
				A5D51D1F1CC3E02900E78817 /* DictSwift */,
				A5D51D1E1CC3E02900E78817 /* Products */,
			);
			sourceTree = "<group>";
		};
		A5D51D1E1CC3E02900E78817 /* Products */ = {
			isa = PBXGroup;
			children = (
				A5D51D1D1CC3E02900E78817 /* DictSwift.app */,
			);
			name = Products;
			sourceTree = "<group>";
		};
		A5D51D1F1CC3E02900E78817 /* DictSwift */ = {
			isa = PBXGroup;
			children = (
				A5D51D201CC3E02900E78817 /* AppDelegate.swift */,
				A599AB031CC4AA59009AF37C /* DataSource.swift */,
				A599AB051CC4AA69009AF37C /* QueryRecord.swift */,
				A5D0A4921CCA81C00002F864 /* QueryURLConvertible.swift */,
				A5D51D221CC3E02900E78817 /* ViewController.swift */,
				A5D51D241CC3E02900E78817 /* Main.storyboard */,
				A5D51D291CC3E02900E78817 /* LaunchScreen.storyboard */,
				A5D51D271CC3E02900E78817 /* Assets.xcassets */,
				A5D51D2C1CC3E02900E78817 /* Info.plist */,
			);
			path = DictSwift;
			sourceTree = "<group>";
		};
/* End PBXGroup section */

/* Begin PBXNativeTarget section */
		A5D51D1C1CC3E02900E78817 /* DictSwift */ = {
			isa = PBXNativeTarget;
			buildConfigurationList = A5D51D2F1CC3E02900E78817 /* Build configuration list for PBXNativeTarget "DictSwift" */;
			buildPhases = (
				A5D51D191CC3E02900E78817 /* Sources */,
				A5D51D1A1CC3E02900E78817 /* Frameworks */,
				A5D51D1B1CC3E02900E78817 /* Resources */,
			);
			buildRules = (
			);
			dependencies = (
			);
			name = DictSwift;
			productName = DictSwift;
			productReference = A5D51D1D1CC3E02900E78817 /* DictSwift.app */;
			productType = "com.apple.product-type.application";
		};
/* End PBXNativeTarget section */

/* Begin PBXProject section */
		A5D51D151CC3E02900E78817 /* Project object */ = {
			isa = PBXProject;
			attributes = {
				LastSwiftUpdateCheck = 0730;
				LastUpgradeCheck = 0730;
				ORGANIZATIONNAME = "zTap Studio";
				TargetAttributes = {
					A5D51D1C1CC3E02900E78817 = {
						CreatedOnToolsVersion = 7.3;
					};
				};
			};
			buildConfigurationList = A5D51D181CC3E02900E78817 /* Build configuration list for PBXProject "DictSwift" */;
			compatibilityVersion = "Xcode 3.2";
			developmentRegion = English;
			hasScannedForEncodings = 0;
			knownRegions = (
				en,
				Base,
			);
			mainGroup = A5D51D141CC3E02900E78817;
			productRefGroup = A5D51D1E1CC3E02900E78817 /* Products */;
			projectDirPath = "";
			projectRoot = "";
			targets = (
				A5D51D1C1CC3E02900E78817 /* DictSwift */,
			);
		};
/* End PBXProject section */

/* Begin PBXResourcesBuildPhase section */
		A5D51D1B1CC3E02900E78817 /* Resources */ = {
			isa = PBXResourcesBuildPhase;
			buildActionMask = 2147483647;
			files = (
				A5D51D2B1CC3E02900E78817 /* LaunchScreen.storyboard in Resources */,
				A5D51D281CC3E02900E78817 /* Assets.xcassets in Resources */,
				A5D51D261CC3E02900E78817 /* Main.storyboard in Resources */,
			);
			runOnlyForDeploymentPostprocessing = 0;
		};
/* End PBXResourcesBuildPhase section */

/* Begin PBXSourcesBuildPhase section */
		A5D51D191CC3E02900E78817 /* Sources */ = {
			isa = PBXSourcesBuildPhase;
			buildActionMask = 2147483647;
			files = (
				A599AB041CC4AA59009AF37C /* DataSource.swift in Sources */,
				A599AB061CC4AA69009AF37C /* QueryRecord.swift in Sources */,
				A5D51D231CC3E02900E78817 /* ViewController.swift in Sources */,
				A5D0A4931CCA81C00002F864 /* QueryURLConvertible.swift in Sources */,
				A5D51D211CC3E02900E78817 /* AppDelegate.swift in Sources */,
			);
			runOnlyForDeploymentPostprocessing = 0;
		};
/* End PBXSourcesBuildPhase section */

/* Begin PBXVariantGroup section */
		A5D51D241CC3E02900E78817 /* Main.storyboard */ = {
			isa = PBXVariantGroup;
			children = (
				A5D51D251CC3E02900E78817 /* Base */,
			);
			name = Main.storyboard;
			sourceTree = "<group>";
		};
		A5D51D291CC3E02900E78817 /* LaunchScreen.storyboard */ = {
			isa = PBXVariantGroup;
			children = (
				A5D51D2A1CC3E02900E78817 /* Base */,
			);
			name = LaunchScreen.storyboard;
			sourceTree = "<group>";
		};
/* End PBXVariantGroup section */

/* Begin XCBuildConfiguration section */
		A5D51D2D1CC3E02900E78817 /* Debug */ = {
			isa = XCBuildConfiguration;
			buildSettings = {
				ALWAYS_SEARCH_USER_PATHS = NO;
				CLANG_ANALYZER_NONNULL = YES;
				CLANG_CXX_LANGUAGE_STANDARD = "gnu++0x";
				CLANG_CXX_LIBRARY = "libc++";
				CLANG_ENABLE_MODULES = YES;
				CLANG_ENABLE_OBJC_ARC = YES;
				CLANG_WARN_BOOL_CONVERSION = YES;
				CLANG_WARN_CONSTANT_CONVERSION = YES;
				CLANG_WARN_DIRECT_OBJC_ISA_USAGE = YES_ERROR;
				CLANG_WARN_EMPTY_BODY = YES;
				CLANG_WARN_ENUM_CONVERSION = YES;
				CLANG_WARN_INT_CONVERSION = YES;
				CLANG_WARN_OBJC_ROOT_CLASS = YES_ERROR;
				CLANG_WARN_UNREACHABLE_CODE = YES;
				CLANG_WARN__DUPLICATE_METHOD_MATCH = YES;
				"CODE_SIGN_IDENTITY[sdk=iphoneos*]" = "iPhone Developer";
				COPY_PHASE_STRIP = NO;
				DEBUG_INFORMATION_FORMAT = dwarf;
				ENABLE_STRICT_OBJC_MSGSEND = YES;
				ENABLE_TESTABILITY = YES;
				GCC_C_LANGUAGE_STANDARD = gnu99;
				GCC_DYNAMIC_NO_PIC = NO;
				GCC_NO_COMMON_BLOCKS = YES;
				GCC_OPTIMIZATION_LEVEL = 0;
				GCC_PREPROCESSOR_DEFINITIONS = (
					"DEBUG=1",
					"$(inherited)",
				);
				GCC_WARN_64_TO_32_BIT_CONVERSION = YES;
				GCC_WARN_ABOUT_RETURN_TYPE = YES_ERROR;
				GCC_WARN_UNDECLARED_SELECTOR = YES;
				GCC_WARN_UNINITIALIZED_AUTOS = YES_AGGRESSIVE;
				GCC_WARN_UNUSED_FUNCTION = YES;
				GCC_WARN_UNUSED_VARIABLE = YES;
				IPHONEOS_DEPLOYMENT_TARGET = 9.3;
				MTL_ENABLE_DEBUG_INFO = YES;
				ONLY_ACTIVE_ARCH = YES;
				SDKROOT = iphoneos;
				SWIFT_OPTIMIZATION_LEVEL = "-Onone";
			};
			name = Debug;
		};
		A5D51D2E1CC3E02900E78817 /* Release */ = {
			isa = XCBuildConfiguration;
			buildSettings = {
				ALWAYS_SEARCH_USER_PATHS = NO;
				CLANG_ANALYZER_NONNULL = YES;
				CLANG_CXX_LANGUAGE_STANDARD = "gnu++0x";
				CLANG_CXX_LIBRARY = "libc++";
				CLANG_ENABLE_MODULES = YES;
				CLANG_ENABLE_OBJC_ARC = YES;
				CLANG_WARN_BOOL_CONVERSION = YES;
				CLANG_WARN_CONSTANT_CONVERSION = YES;
				CLANG_WARN_DIRECT_OBJC_ISA_USAGE = YES_ERROR;
				CLANG_WARN_EMPTY_BODY = YES;
				CLANG_WARN_ENUM_CONVERSION = YES;
				CLANG_WARN_INT_CONVERSION = YES;
				CLANG_WARN_OBJC_ROOT_CLASS = YES_ERROR;
				CLANG_WARN_UNREACHABLE_CODE = YES;
				CLANG_WARN__DUPLICATE_METHOD_MATCH = YES;
				"CODE_SIGN_IDENTITY[sdk=iphoneos*]" = "iPhone Developer";
				COPY_PHASE_STRIP = NO;
				DEBUG_INFORMATION_FORMAT = "dwarf-with-dsym";
				ENABLE_NS_ASSERTIONS = NO;
				ENABLE_STRICT_OBJC_MSGSEND = YES;
				GCC_C_LANGUAGE_STANDARD = gnu99;
				GCC_NO_COMMON_BLOCKS = YES;
				GCC_WARN_64_TO_32_BIT_CONVERSION = YES;
				GCC_WARN_ABOUT_RETURN_TYPE = YES_ERROR;
				GCC_WARN_UNDECLARED_SELECTOR = YES;
				GCC_WARN_UNINITIALIZED_AUTOS = YES_AGGRESSIVE;
				GCC_WARN_UNUSED_FUNCTION = YES;
				GCC_WARN_UNUSED_VARIABLE = YES;
				IPHONEOS_DEPLOYMENT_TARGET = 9.3;
				MTL_ENABLE_DEBUG_INFO = NO;
				SDKROOT = iphoneos;
				VALIDATE_PRODUCT = YES;
			};
			name = Release;
		};
		A5D51D301CC3E02900E78817 /* Debug */ = {
			isa = XCBuildConfiguration;
			buildSettings = {
				ASSETCATALOG_COMPILER_APPICON_NAME = AppIcon;
				INFOPLIST_FILE = DictSwift/Info.plist;
				LD_RUNPATH_SEARCH_PATHS = "$(inherited) @executable_path/Frameworks";
				PRODUCT_BUNDLE_IDENTIFIER = net.ztap.DictSwift;
				PRODUCT_NAME = "$(TARGET_NAME)";
			};
			name = Debug;
		};
		A5D51D311CC3E02900E78817 /* Release */ = {
			isa = XCBuildConfiguration;
			buildSettings = {
				ASSETCATALOG_COMPILER_APPICON_NAME = AppIcon;
				INFOPLIST_FILE = DictSwift/Info.plist;
				LD_RUNPATH_SEARCH_PATHS = "$(inherited) @executable_path/Frameworks";
				PRODUCT_BUNDLE_IDENTIFIER = net.ztap.DictSwift;
				PRODUCT_NAME = "$(TARGET_NAME)";
			};
			name = Release;
		};
/* End XCBuildConfiguration section */

/* Begin XCConfigurationList section */
		A5D51D181CC3E02900E78817 /* Build configuration list for PBXProject "DictSwift" */ = {
			isa = XCConfigurationList;
			buildConfigurations = (
				A5D51D2D1CC3E02900E78817 /* Debug */,
				A5D51D2E1CC3E02900E78817 /* Release */,
			);
			defaultConfigurationIsVisible = 0;
			defaultConfigurationName = Release;
		};
		A5D51D2F1CC3E02900E78817 /* Build configuration list for PBXNativeTarget "DictSwift" */ = {
			isa = XCConfigurationList;
			buildConfigurations = (
				A5D51D301CC3E02900E78817 /* Debug */,
				A5D51D311CC3E02900E78817 /* Release */,
			);
			defaultConfigurationIsVisible = 0;
			defaultConfigurationName = Release;
		};
/* End XCConfigurationList section */
	};
	rootObject = A5D51D151CC3E02900E78817 /* Project object */;
}
